
Microsoft Visual Studio Solution File, Format Version 12.00
# Visual Studio 14
VisualStudioVersion = 14.0.25420.1
MinimumVisualStudioVersion = 10.0.40219.1
Project("{FAE04EC0-301F-11D3-BF4B-00C04F79EFBC}") = "adventurestory.cs", "adventurestory.cs\adventurestory.cs.csproj", "{039E6A01-062C-4ACE-9F9C-2EE8DD6A9027}"
EndProject
Global
	GlobalSection(SolutionConfigurationPlatforms) = preSolution
		Debug|Any CPU = Debug|Any CPU
		Release|Any CPU = Release|Any CPU
	EndGlobalSection
	GlobalSection(ProjectConfigurationPlatforms) = postSolution
		{039E6A01-062C-4ACE-9F9C-2EE8DD6A9027}.Debug|Any CPU.ActiveCfg = Debug|Any CPU
		{039E6A01-062C-4ACE-9F9C-2EE8DD6A9027}.Debug|Any CPU.Build.0 = Debug|Any CPU
		{039E6A01-062C-4ACE-9F9C-2EE8DD6A9027}.Release|Any CPU.ActiveCfg = Release|Any CPU
		{039E6A01-062C-4ACE-9F9C-2EE8DD6A9027}.Release|Any CPU.Build.0 = Release|Any CPU
	EndGlobalSection
	GlobalSection(SolutionProperties) = preSolution
		HideSolutionNode = FALSE
	EndGlobalSection
EndGlobal
